// !$*UTF8*$!
{
	archiveVersion = 1;
	classes = {
	};
	objectVersion = 46;
	objects = {

/* Begin PBXBuildFile section */
		6D528AB11E00D10B00974450 /* main.m in Sources */ = {isa = PBXBuildFile; fileRef = 6D528AB01E00D10B00974450 /* main.m */; };
		6D528AB41E00D10B00974450 /* AppDelegate.m in Sources */ = {isa = PBXBuildFile; fileRef = 6D528AB31E00D10B00974450 /* AppDelegate.m */; };
		6D528AB71E00D10B00974450 /* ViewController.m in Sources */ = {isa = PBXBuildFile; fileRef = 6D528AB61E00D10B00974450 /* ViewController.m */; };
		6D528ABA1E00D10B00974450 /* Main.storyboard in Resources */ = {isa = PBXBuildFile; fileRef = 6D528AB81E00D10B00974450 /* Main.storyboard */; };
		6D528ABC1E00D10B00974450 /* Assets.xcassets in Resources */ = {isa = PBXBuildFile; fileRef = 6D528ABB1E00D10B00974450 /* Assets.xcassets */; };
		6D528ABF1E00D10B00974450 /* LaunchScreen.storyboard in Resources */ = {isa = PBXBuildFile; fileRef = 6D528ABD1E00D10B00974450 /* LaunchScreen.storyboard */; };
		6D528ACA1E00D10B00974450 /* SideAnimationMenuTests.m in Sources */ = {isa = PBXBuildFile; fileRef = 6D528AC91E00D10B00974450 /* SideAnimationMenuTests.m */; };
		6D528AD71E00D1BD00974450 /* LeftMenuViewController.m in Sources */ = {isa = PBXBuildFile; fileRef = 6D528AD51E00D1BD00974450 /* LeftMenuViewController.m */; };
		6D528AD81E00D1BD00974450 /* LeftMenuViewController.xib in Resources */ = {isa = PBXBuildFile; fileRef = 6D528AD61E00D1BD00974450 /* LeftMenuViewController.xib */; };
		6D53D3431E2DFA1000E8DF6E /* MenuViewController.m in Sources */ = {isa = PBXBuildFile; fileRef = 6D53D3421E2DFA1000E8DF6E /* MenuViewController.m */; };
		6D78FE8F1E120BD100F255A6 /* LibraryClass.m in Sources */ = {isa = PBXBuildFile; fileRef = 6D78FE8E1E120BD100F255A6 /* LibraryClass.m */; };
		6D790DBF1E28705C00D88890 /* ParentViewController.m in Sources */ = {isa = PBXBuildFile; fileRef = 6D790DBE1E28705C00D88890 /* ParentViewController.m */; };
		6D790DC21E28D39400D88890 /* SecondViewController.m in Sources */ = {isa = PBXBuildFile; fileRef = 6D790DC11E28D39400D88890 /* SecondViewController.m */; };
		6D97C0D41E110A4E00628B3F /* BaseViewController.m in Sources */ = {isa = PBXBuildFile; fileRef = 6D97C0D21E110A4E00628B3F /* BaseViewController.m */; };
		6D97C0D51E110A4E00628B3F /* BaseViewController.xib in Resources */ = {isa = PBXBuildFile; fileRef = 6D97C0D31E110A4E00628B3F /* BaseViewController.xib */; };
		789E30BB010CCF3F4FE98FA0 /* libPods-SideAnimationMenu.a in Frameworks */ = {isa = PBXBuildFile; fileRef = C238A7FE680F53B0C8C53FD7 /* libPods-SideAnimationMenu.a */; };
		B16DF2E726B660463F992225 /* libPods-SideAnimationMenuTests.a in Frameworks */ = {isa = PBXBuildFile; fileRef = 874E74E6B464DB26A728392E /* libPods-SideAnimationMenuTests.a */; };
/* End PBXBuildFile section */

/* Begin PBXContainerItemProxy section */
		6D528AC61E00D10B00974450 /* PBXContainerItemProxy */ = {
			isa = PBXContainerItemProxy;
			containerPortal = 6D528AA41E00D10B00974450 /* Project object */;
			proxyType = 1;
			remoteGlobalIDString = 6D528AAB1E00D10B00974450;
			remoteInfo = SideAnimationMenu;
		};
/* End PBXContainerItemProxy section */

/* Begin PBXFileReference section */
		48D864766ECEC521A4678143 /* Pods-SideAnimationMenuTests.release.xcconfig */ = {isa = PBXFileReference; includeInIndex = 1; lastKnownFileType = text.xcconfig; name = "Pods-SideAnimationMenuTests.release.xcconfig"; path = "Pods/Target Support Files/Pods-SideAnimationMenuTests/Pods-SideAnimationMenuTests.release.xcconfig"; sourceTree = "<group>"; };
		6D528AAC1E00D10B00974450 /* SideAnimationMenu.app */ = {isa = PBXFileReference; explicitFileType = wrapper.application; includeInIndex = 0; path = SideAnimationMenu.app; sourceTree = BUILT_PRODUCTS_DIR; };
		6D528AB01E00D10B00974450 /* main.m */ = {isa = PBXFileReference; lastKnownFileType = sourcecode.c.objc; path = main.m; sourceTree = "<group>"; };
		6D528AB21E00D10B00974450 /* AppDelegate.h */ = {isa = PBXFileReference; lastKnownFileType = sourcecode.c.h; path = AppDelegate.h; sourceTree = "<group>"; };
		6D528AB31E00D10B00974450 /* AppDelegate.m */ = {isa = PBXFileReference; lastKnownFileType = sourcecode.c.objc; path = AppDelegate.m; sourceTree = "<group>"; };
		6D528AB51E00D10B00974450 /* ViewController.h */ = {isa = PBXFileReference; lastKnownFileType = sourcecode.c.h; path = ViewController.h; sourceTree = "<group>"; };
		6D528AB61E00D10B00974450 /* ViewController.m */ = {isa = PBXFileReference; lastKnownFileType = sourcecode.c.objc; path = ViewController.m; sourceTree = "<group>"; };
		6D528AB91E00D10B00974450 /* Base */ = {isa = PBXFileReference; lastKnownFileType = file.storyboard; name = Base; path = Base.lproj/Main.storyboard; sourceTree = "<group>"; };
		6D528ABB1E00D10B00974450 /* Assets.xcassets */ = {isa = PBXFileReference; lastKnownFileType = folder.assetcatalog; path = Assets.xcassets; sourceTree = "<group>"; };
		6D528ABE1E00D10B00974450 /* Base */ = {isa = PBXFileReference; lastKnownFileType = file.storyboard; name = Base; path = Base.lproj/LaunchScreen.storyboard; sourceTree = "<group>"; };
		6D528AC01E00D10B00974450 /* Info.plist */ = {isa = PBXFileReference; lastKnownFileType = text.plist.xml; path = Info.plist; sourceTree = "<group>"; };
		6D528AC51E00D10B00974450 /* SideAnimationMenuTests.xctest */ = {isa = PBXFileReference; explicitFileType = wrapper.cfbundle; includeInIndex = 0; path = SideAnimationMenuTests.xctest; sourceTree = BUILT_PRODUCTS_DIR; };
		6D528AC91E00D10B00974450 /* SideAnimationMenuTests.m */ = {isa = PBXFileReference; lastKnownFileType = sourcecode.c.objc; path = SideAnimationMenuTests.m; sourceTree = "<group>"; };
		6D528ACB1E00D10B00974450 /* Info.plist */ = {isa = PBXFileReference; lastKnownFileType = text.plist.xml; path = Info.plist; sourceTree = "<group>"; };
		6D528AD41E00D1BD00974450 /* LeftMenuViewController.h */ = {isa = PBXFileReference; fileEncoding = 4; lastKnownFileType = sourcecode.c.h; path = LeftMenuViewController.h; sourceTree = "<group>"; };
		6D528AD51E00D1BD00974450 /* LeftMenuViewController.m */ = {isa = PBXFileReference; fileEncoding = 4; lastKnownFileType = sourcecode.c.objc; path = LeftMenuViewController.m; sourceTree = "<group>"; };
		6D528AD61E00D1BD00974450 /* LeftMenuViewController.xib */ = {isa = PBXFileReference; fileEncoding = 4; lastKnownFileType = file.xib; path = LeftMenuViewController.xib; sourceTree = "<group>"; };
		6D53D3411E2DFA1000E8DF6E /* MenuViewController.h */ = {isa = PBXFileReference; fileEncoding = 4; lastKnownFileType = sourcecode.c.h; path = MenuViewController.h; sourceTree = "<group>"; };
		6D53D3421E2DFA1000E8DF6E /* MenuViewController.m */ = {isa = PBXFileReference; fileEncoding = 4; lastKnownFileType = sourcecode.c.objc; path = MenuViewController.m; sourceTree = "<group>"; };
		6D78FE8D1E120BD100F255A6 /* LibraryClass.h */ = {isa = PBXFileReference; fileEncoding = 4; lastKnownFileType = sourcecode.c.h; path = LibraryClass.h; sourceTree = "<group>"; };
		6D78FE8E1E120BD100F255A6 /* LibraryClass.m */ = {isa = PBXFileReference; fileEncoding = 4; lastKnownFileType = sourcecode.c.objc; path = LibraryClass.m; sourceTree = "<group>"; };
		6D790DBD1E28705C00D88890 /* ParentViewController.h */ = {isa = PBXFileReference; fileEncoding = 4; lastKnownFileType = sourcecode.c.h; path = ParentViewController.h; sourceTree = "<group>"; };
		6D790DBE1E28705C00D88890 /* ParentViewController.m */ = {isa = PBXFileReference; fileEncoding = 4; lastKnownFileType = sourcecode.c.objc; path = ParentViewController.m; sourceTree = "<group>"; };
		6D790DC01E28D39400D88890 /* SecondViewController.h */ = {isa = PBXFileReference; fileEncoding = 4; lastKnownFileType = sourcecode.c.h; path = SecondViewController.h; sourceTree = "<group>"; };
		6D790DC11E28D39400D88890 /* SecondViewController.m */ = {isa = PBXFileReference; fileEncoding = 4; lastKnownFileType = sourcecode.c.objc; path = SecondViewController.m; sourceTree = "<group>"; };
		6D97C0D11E110A4E00628B3F /* BaseViewController.h */ = {isa = PBXFileReference; fileEncoding = 4; lastKnownFileType = sourcecode.c.h; path = BaseViewController.h; sourceTree = "<group>"; };
		6D97C0D21E110A4E00628B3F /* BaseViewController.m */ = {isa = PBXFileReference; fileEncoding = 4; lastKnownFileType = sourcecode.c.objc; path = BaseViewController.m; sourceTree = "<group>"; };
		6D97C0D31E110A4E00628B3F /* BaseViewController.xib */ = {isa = PBXFileReference; fileEncoding = 4; lastKnownFileType = file.xib; path = BaseViewController.xib; sourceTree = "<group>"; };
		84150753B3A0EE53EA187125 /* Pods-SideAnimationMenu.debug.xcconfig */ = {isa = PBXFileReference; includeInIndex = 1; lastKnownFileType = text.xcconfig; name = "Pods-SideAnimationMenu.debug.xcconfig"; path = "Pods/Target Support Files/Pods-SideAnimationMenu/Pods-SideAnimationMenu.debug.xcconfig"; sourceTree = "<group>"; };
		874E74E6B464DB26A728392E /* libPods-SideAnimationMenuTests.a */ = {isa = PBXFileReference; explicitFileType = archive.ar; includeInIndex = 0; path = "libPods-SideAnimationMenuTests.a"; sourceTree = BUILT_PRODUCTS_DIR; };
		C238A7FE680F53B0C8C53FD7 /* libPods-SideAnimationMenu.a */ = {isa = PBXFileReference; explicitFileType = archive.ar; includeInIndex = 0; path = "libPods-SideAnimationMenu.a"; sourceTree = BUILT_PRODUCTS_DIR; };
		DA690E73108F6516905ADE88 /* Pods-SideAnimationMenuTests.debug.xcconfig */ = {isa = PBXFileReference; includeInIndex = 1; lastKnownFileType = text.xcconfig; name = "Pods-SideAnimationMenuTests.debug.xcconfig"; path = "Pods/Target Support Files/Pods-SideAnimationMenuTests/Pods-SideAnimationMenuTests.debug.xcconfig"; sourceTree = "<group>"; };
		EB50241F6120344C511A58B6 /* Pods-SideAnimationMenu.release.xcconfig */ = {isa = PBXFileReference; includeInIndex = 1; lastKnownFileType = text.xcconfig; name = "Pods-SideAnimationMenu.release.xcconfig"; path = "Pods/Target Support Files/Pods-SideAnimationMenu/Pods-SideAnimationMenu.release.xcconfig"; sourceTree = "<group>"; };
/* End PBXFileReference section */

/* Begin PBXFrameworksBuildPhase section */
		6D528AA91E00D10B00974450 /* Frameworks */ = {
			isa = PBXFrameworksBuildPhase;
			buildActionMask = 2147483647;
			files = (
				789E30BB010CCF3F4FE98FA0 /* libPods-SideAnimationMenu.a in Frameworks */,
			);
			runOnlyForDeploymentPostprocessing = 0;
		};
		6D528AC21E00D10B00974450 /* Frameworks */ = {
			isa = PBXFrameworksBuildPhase;
			buildActionMask = 2147483647;
			files = (
				B16DF2E726B660463F992225 /* libPods-SideAnimationMenuTests.a in Frameworks */,
			);
			runOnlyForDeploymentPostprocessing = 0;
		};
/* End PBXFrameworksBuildPhase section */

/* Begin PBXGroup section */
		5FA22322731D78FA3637C41C /* Frameworks */ = {
			isa = PBXGroup;
			children = (
				C238A7FE680F53B0C8C53FD7 /* libPods-SideAnimationMenu.a */,
				874E74E6B464DB26A728392E /* libPods-SideAnimationMenuTests.a */,
			);
			name = Frameworks;
			sourceTree = "<group>";
		};
		6D528AA31E00D10B00974450 = {
			isa = PBXGroup;
			children = (
				6D528AAE1E00D10B00974450 /* SideAnimationMenu */,
				6D528AC81E00D10B00974450 /* SideAnimationMenuTests */,
				6D528AAD1E00D10B00974450 /* Products */,
				ED9D3D5CDBB7E746BB7ABFAE /* Pods */,
				5FA22322731D78FA3637C41C /* Frameworks */,
			);
			sourceTree = "<group>";
		};
		6D528AAD1E00D10B00974450 /* Products */ = {
			isa = PBXGroup;
			children = (
				6D528AAC1E00D10B00974450 /* SideAnimationMenu.app */,
				6D528AC51E00D10B00974450 /* SideAnimationMenuTests.xctest */,
			);
			name = Products;
			sourceTree = "<group>";
		};
		6D528AAE1E00D10B00974450 /* SideAnimationMenu */ = {
			isa = PBXGroup;
			children = (
				6D528AB21E00D10B00974450 /* AppDelegate.h */,
				6D528AB31E00D10B00974450 /* AppDelegate.m */,
				6D528AB51E00D10B00974450 /* ViewController.h */,
				6D528AB61E00D10B00974450 /* ViewController.m */,
				6D53D3411E2DFA1000E8DF6E /* MenuViewController.h */,
				6D53D3421E2DFA1000E8DF6E /* MenuViewController.m */,
				6D528ABB1E00D10B00974450 /* Assets.xcassets */,
				6D528AB81E00D10B00974450 /* Main.storyboard */,
				6D528ABD1E00D10B00974450 /* LaunchScreen.storyboard */,
				6D528AC01E00D10B00974450 /* Info.plist */,
				6D528AAF1E00D10B00974450 /* Supporting Files */,
				6D528AD41E00D1BD00974450 /* LeftMenuViewController.h */,
				6D528AD51E00D1BD00974450 /* LeftMenuViewController.m */,
				6D528AD61E00D1BD00974450 /* LeftMenuViewController.xib */,
				6D97C0D11E110A4E00628B3F /* BaseViewController.h */,
				6D97C0D21E110A4E00628B3F /* BaseViewController.m */,
				6D97C0D31E110A4E00628B3F /* BaseViewController.xib */,
				6D78FE8D1E120BD100F255A6 /* LibraryClass.h */,
				6D78FE8E1E120BD100F255A6 /* LibraryClass.m */,
				6D790DBD1E28705C00D88890 /* ParentViewController.h */,
				6D790DBE1E28705C00D88890 /* ParentViewController.m */,
				6D790DC01E28D39400D88890 /* SecondViewController.h */,
				6D790DC11E28D39400D88890 /* SecondViewController.m */,
			);
			path = SideAnimationMenu;
			sourceTree = "<group>";
		};
		6D528AAF1E00D10B00974450 /* Supporting Files */ = {
			isa = PBXGroup;
			children = (
				6D528AB01E00D10B00974450 /* main.m */,
			);
			name = "Supporting Files";
			sourceTree = "<group>";
		};
		6D528AC81E00D10B00974450 /* SideAnimationMenuTests */ = {
			isa = PBXGroup;
			children = (
				6D528AC91E00D10B00974450 /* SideAnimationMenuTests.m */,
				6D528ACB1E00D10B00974450 /* Info.plist */,
			);
			path = SideAnimationMenuTests;
			sourceTree = "<group>";
		};
		ED9D3D5CDBB7E746BB7ABFAE /* Pods */ = {
			isa = PBXGroup;
			children = (
				84150753B3A0EE53EA187125 /* Pods-SideAnimationMenu.debug.xcconfig */,
				EB50241F6120344C511A58B6 /* Pods-SideAnimationMenu.release.xcconfig */,
				DA690E73108F6516905ADE88 /* Pods-SideAnimationMenuTests.debug.xcconfig */,
				48D864766ECEC521A4678143 /* Pods-SideAnimationMenuTests.release.xcconfig */,
			);
			name = Pods;
			sourceTree = "<group>";
		};
/* End PBXGroup section */

/* Begin PBXNativeTarget section */
		6D528AAB1E00D10B00974450 /* SideAnimationMenu */ = {
			isa = PBXNativeTarget;
			buildConfigurationList = 6D528ACE1E00D10B00974450 /* Build configuration list for PBXNativeTarget "SideAnimationMenu" */;
			buildPhases = (
				983E780B49F00A5F1C1F973E /* [CP] Check Pods Manifest.lock */,
				6D528AA81E00D10B00974450 /* Sources */,
				6D528AA91E00D10B00974450 /* Frameworks */,
				6D528AAA1E00D10B00974450 /* Resources */,
				7403D8C895AC308305C4660D /* [CP] Embed Pods Frameworks */,
				518117B41AD632D20F44C23C /* [CP] Copy Pods Resources */,
			);
			buildRules = (
			);
			dependencies = (
			);
			name = SideAnimationMenu;
			productName = SideAnimationMenu;
			productReference = 6D528AAC1E00D10B00974450 /* SideAnimationMenu.app */;
			productType = "com.apple.product-type.application";
		};
		6D528AC41E00D10B00974450 /* SideAnimationMenuTests */ = {
			isa = PBXNativeTarget;
			buildConfigurationList = 6D528AD11E00D10B00974450 /* Build configuration list for PBXNativeTarget "SideAnimationMenuTests" */;
			buildPhases = (
				A303095FE87FF877B6CBA502 /* [CP] Check Pods Manifest.lock */,
				6D528AC11E00D10B00974450 /* Sources */,
				6D528AC21E00D10B00974450 /* Frameworks */,
				6D528AC31E00D10B00974450 /* Resources */,
				56827E4C949FF84AB05234C8 /* [CP] Embed Pods Frameworks */,
				230AD35D2C68D3244B3EED88 /* [CP] Copy Pods Resources */,
			);
			buildRules = (
			);
			dependencies = (
				6D528AC71E00D10B00974450 /* PBXTargetDependency */,
			);
			name = SideAnimationMenuTests;
			productName = SideAnimationMenuTests;
			productReference = 6D528AC51E00D10B00974450 /* SideAnimationMenuTests.xctest */;
			productType = "com.apple.product-type.bundle.unit-test";
		};
/* End PBXNativeTarget section */

/* Begin PBXProject section */
		6D528AA41E00D10B00974450 /* Project object */ = {
			isa = PBXProject;
			attributes = {
				LastUpgradeCheck = 0820;
				ORGANIZATIONNAME = "김민아";
				TargetAttributes = {
					6D528AAB1E00D10B00974450 = {
						CreatedOnToolsVersion = 8.1;
						DevelopmentTeam = 266V4D93VQ;
						ProvisioningStyle = Automatic;
					};
					6D528AC41E00D10B00974450 = {
						CreatedOnToolsVersion = 8.1;
						ProvisioningStyle = Automatic;
						TestTargetID = 6D528AAB1E00D10B00974450;
					};
				};
			};
			buildConfigurationList = 6D528AA71E00D10B00974450 /* Build configuration list for PBXProject "SideAnimationMenu" */;
			compatibilityVersion = "Xcode 3.2";
			developmentRegion = English;
			hasScannedForEncodings = 0;
			knownRegions = (
				en,
				Base,
			);
			mainGroup = 6D528AA31E00D10B00974450;
			productRefGroup = 6D528AAD1E00D10B00974450 /* Products */;
			projectDirPath = "";
			projectRoot = "";
			targets = (
				6D528AAB1E00D10B00974450 /* SideAnimationMenu */,
				6D528AC41E00D10B00974450 /* SideAnimationMenuTests */,
			);
		};
/* End PBXProject section */

/* Begin PBXResourcesBuildPhase section */
		6D528AAA1E00D10B00974450 /* Resources */ = {
			isa = PBXResourcesBuildPhase;
			buildActionMask = 2147483647;
			files = (
				6D528ABF1E00D10B00974450 /* LaunchScreen.storyboard in Resources */,
				6D97C0D51E110A4E00628B3F /* BaseViewController.xib in Resources */,
				6D528ABC1E00D10B00974450 /* Assets.xcassets in Resources */,
				6D528AD81E00D1BD00974450 /* LeftMenuViewController.xib in Resources */,
				6D528ABA1E00D10B00974450 /* Main.storyboard in Resources */,
			);
			runOnlyForDeploymentPostprocessing = 0;
		};
		6D528AC31E00D10B00974450 /* Resources */ = {
			isa = PBXResourcesBuildPhase;
			buildActionMask = 2147483647;
			files = (
			);
			runOnlyForDeploymentPostprocessing = 0;
		};
/* End PBXResourcesBuildPhase section */

/* Begin PBXShellScriptBuildPhase section */
		230AD35D2C68D3244B3EED88 /* [CP] Copy Pods Resources */ = {
			isa = PBXShellScriptBuildPhase;
			buildActionMask = 2147483647;
			files = (
			);
			inputPaths = (
			);
			name = "[CP] Copy Pods Resources";
			outputPaths = (
			);
			runOnlyForDeploymentPostprocessing = 0;
			shellPath = /bin/sh;
			shellScript = "\"${SRCROOT}/Pods/Target Support Files/Pods-SideAnimationMenuTests/Pods-SideAnimationMenuTests-resources.sh\"\n";
			showEnvVarsInLog = 0;
		};
		518117B41AD632D20F44C23C /* [CP] Copy Pods Resources */ = {
			isa = PBXShellScriptBuildPhase;
			buildActionMask = 2147483647;
			files = (
			);
			inputPaths = (
			);
			name = "[CP] Copy Pods Resources";
			outputPaths = (
			);
			runOnlyForDeploymentPostprocessing = 0;
			shellPath = /bin/sh;
			shellScript = "\"${SRCROOT}/Pods/Target Support Files/Pods-SideAnimationMenu/Pods-SideAnimationMenu-resources.sh\"\n";
			showEnvVarsInLog = 0;
		};
		56827E4C949FF84AB05234C8 /* [CP] Embed Pods Frameworks */ = {
			isa = PBXShellScriptBuildPhase;
			buildActionMask = 2147483647;
			files = (
			);
			inputPaths = (
			);
			name = "[CP] Embed Pods Frameworks";
			outputPaths = (
			);
			runOnlyForDeploymentPostprocessing = 0;
			shellPath = /bin/sh;
			shellScript = "\"${SRCROOT}/Pods/Target Support Files/Pods-SideAnimationMenuTests/Pods-SideAnimationMenuTests-frameworks.sh\"\n";
			showEnvVarsInLog = 0;
		};
		7403D8C895AC308305C4660D /* [CP] Embed Pods Frameworks */ = {
			isa = PBXShellScriptBuildPhase;
			buildActionMask = 2147483647;
			files = (
			);
			inputPaths = (
			);
			name = "[CP] Embed Pods Frameworks";
			outputPaths = (
			);
			runOnlyForDeploymentPostprocessing = 0;
			shellPath = /bin/sh;
			shellScript = "\"${SRCROOT}/Pods/Target Support Files/Pods-SideAnimationMenu/Pods-SideAnimationMenu-frameworks.sh\"\n";
			showEnvVarsInLog = 0;
		};
		983E780B49F00A5F1C1F973E /* [CP] Check Pods Manifest.lock */ = {
			isa = PBXShellScriptBuildPhase;
			buildActionMask = 2147483647;
			files = (
			);
			inputPaths = (
			);
			name = "[CP] Check Pods Manifest.lock";
			outputPaths = (
			);
			runOnlyForDeploymentPostprocessing = 0;
			shellPath = /bin/sh;
			shellScript = "diff \"${PODS_ROOT}/../Podfile.lock\" \"${PODS_ROOT}/Manifest.lock\" > /dev/null\nif [ $? != 0 ] ; then\n    # print error to STDERR\n    echo \"error: The sandbox is not in sync with the Podfile.lock. Run 'pod install' or update your CocoaPods installation.\" >&2\n    exit 1\nfi\n";
			showEnvVarsInLog = 0;
		};
		A303095FE87FF877B6CBA502 /* [CP] Check Pods Manifest.lock */ = {
			isa = PBXShellScriptBuildPhase;
			buildActionMask = 2147483647;
			files = (
			);
			inputPaths = (
			);
			name = "[CP] Check Pods Manifest.lock";
			outputPaths = (
			);
			runOnlyForDeploymentPostprocessing = 0;
			shellPath = /bin/sh;
			shellScript = "diff \"${PODS_ROOT}/../Podfile.lock\" \"${PODS_ROOT}/Manifest.lock\" > /dev/null\nif [ $? != 0 ] ; then\n    # print error to STDERR\n    echo \"error: The sandbox is not in sync with the Podfile.lock. Run 'pod install' or update your CocoaPods installation.\" >&2\n    exit 1\nfi\n";
			showEnvVarsInLog = 0;
		};
/* End PBXShellScriptBuildPhase section */

/* Begin PBXSourcesBuildPhase section */
		6D528AA81E00D10B00974450 /* Sources */ = {
			isa = PBXSourcesBuildPhase;
			buildActionMask = 2147483647;
			files = (
				6D528AB71E00D10B00974450 /* ViewController.m in Sources */,
				6D53D3431E2DFA1000E8DF6E /* MenuViewController.m in Sources */,
				6D97C0D41E110A4E00628B3F /* BaseViewController.m in Sources */,
				6D790DBF1E28705C00D88890 /* ParentViewController.m in Sources */,
				6D78FE8F1E120BD100F255A6 /* LibraryClass.m in Sources */,
				6D790DC21E28D39400D88890 /* SecondViewController.m in Sources */,
				6D528AB41E00D10B00974450 /* AppDelegate.m in Sources */,
				6D528AD71E00D1BD00974450 /* LeftMenuViewController.m in Sources */,
				6D528AB11E00D10B00974450 /* main.m in Sources */,
			);
			runOnlyForDeploymentPostprocessing = 0;
		};
		6D528AC11E00D10B00974450 /* Sources */ = {
			isa = PBXSourcesBuildPhase;
			buildActionMask = 2147483647;
			files = (
				6D528ACA1E00D10B00974450 /* SideAnimationMenuTests.m in Sources */,
			);
			runOnlyForDeploymentPostprocessing = 0;
		};
/* End PBXSourcesBuildPhase section */

/* Begin PBXTargetDependency section */
		6D528AC71E00D10B00974450 /* PBXTargetDependency */ = {
			isa = PBXTargetDependency;
			target = 6D528AAB1E00D10B00974450 /* SideAnimationMenu */;
			targetProxy = 6D528AC61E00D10B00974450 /* PBXContainerItemProxy */;
		};
/* End PBXTargetDependency section */

/* Begin PBXVariantGroup section */
		6D528AB81E00D10B00974450 /* Main.storyboard */ = {
			isa = PBXVariantGroup;
			children = (
				6D528AB91E00D10B00974450 /* Base */,
			);
			name = Main.storyboard;
			sourceTree = "<group>";
		};
		6D528ABD1E00D10B00974450 /* LaunchScreen.storyboard */ = {
			isa = PBXVariantGroup;
			children = (
				6D528ABE1E00D10B00974450 /* Base */,
			);
			name = LaunchScreen.storyboard;
			sourceTree = "<group>";
		};
/* End PBXVariantGroup section */

/* Begin XCBuildConfiguration section */
		6D528ACC1E00D10B00974450 /* Debug */ = {
			isa = XCBuildConfiguration;
			buildSettings = {
				ALWAYS_SEARCH_USER_PATHS = NO;
				CLANG_ANALYZER_NONNULL = YES;
				CLANG_CXX_LANGUAGE_STANDARD = "gnu++0x";
				CLANG_CXX_LIBRARY = "libc++";
				CLANG_ENABLE_MODULES = YES;
				CLANG_ENABLE_OBJC_ARC = YES;
				CLANG_WARN_BOOL_CONVERSION = YES;
				CLANG_WARN_CONSTANT_CONVERSION = YES;
				CLANG_WARN_DIRECT_OBJC_ISA_USAGE = YES_ERROR;
				CLANG_WARN_DOCUMENTATION_COMMENTS = YES;
				CLANG_WARN_EMPTY_BODY = YES;
				CLANG_WARN_ENUM_CONVERSION = YES;
				CLANG_WARN_INFINITE_RECURSION = YES;
				CLANG_WARN_INT_CONVERSION = YES;
				CLANG_WARN_OBJC_ROOT_CLASS = YES_ERROR;
				CLANG_WARN_SUSPICIOUS_MOVE = YES;
				CLANG_WARN_SUSPICIOUS_MOVES = YES;
				CLANG_WARN_UNREACHABLE_CODE = YES;
				CLANG_WARN__DUPLICATE_METHOD_MATCH = YES;
				"CODE_SIGN_IDENTITY[sdk=iphoneos*]" = "iPhone Developer";
				COPY_PHASE_STRIP = NO;
				DEBUG_INFORMATION_FORMAT = dwarf;
				ENABLE_STRICT_OBJC_MSGSEND = YES;
				ENABLE_TESTABILITY = YES;
				GCC_C_LANGUAGE_STANDARD = gnu99;
				GCC_DYNAMIC_NO_PIC = NO;
				GCC_NO_COMMON_BLOCKS = YES;
				GCC_OPTIMIZATION_LEVEL = 0;
				GCC_PREPROCESSOR_DEFINITIONS = (
					"DEBUG=1",
					"$(inherited)",
				);
				GCC_WARN_64_TO_32_BIT_CONVERSION = YES;
				GCC_WARN_ABOUT_RETURN_TYPE = YES_ERROR;
				GCC_WARN_UNDECLARED_SELECTOR = YES;
				GCC_WARN_UNINITIALIZED_AUTOS = YES_AGGRESSIVE;
				GCC_WARN_UNUSED_FUNCTION = YES;
				GCC_WARN_UNUSED_VARIABLE = YES;
				IPHONEOS_DEPLOYMENT_TARGET = 10.1;
				MTL_ENABLE_DEBUG_INFO = YES;
				ONLY_ACTIVE_ARCH = YES;
				SDKROOT = iphoneos;
			};
			name = Debug;
		};
		6D528ACD1E00D10B00974450 /* Release */ = {
			isa = XCBuildConfiguration;
			buildSettings = {
				ALWAYS_SEARCH_USER_PATHS = NO;
				CLANG_ANALYZER_NONNULL = YES;
				CLANG_CXX_LANGUAGE_STANDARD = "gnu++0x";
				CLANG_CXX_LIBRARY = "libc++";
				CLANG_ENABLE_MODULES = YES;
				CLANG_ENABLE_OBJC_ARC = YES;
				CLANG_WARN_BOOL_CONVERSION = YES;
				CLANG_WARN_CONSTANT_CONVERSION = YES;
				CLANG_WARN_DIRECT_OBJC_ISA_USAGE = YES_ERROR;
				CLANG_WARN_DOCUMENTATION_COMMENTS = YES;
				CLANG_WARN_EMPTY_BODY = YES;
				CLANG_WARN_ENUM_CONVERSION = YES;
				CLANG_WARN_INFINITE_RECURSION = YES;
				CLANG_WARN_INT_CONVERSION = YES;
				CLANG_WARN_OBJC_ROOT_CLASS = YES_ERROR;
				CLANG_WARN_SUSPICIOUS_MOVE = YES;
				CLANG_WARN_SUSPICIOUS_MOVES = YES;
				CLANG_WARN_UNREACHABLE_CODE = YES;
				CLANG_WARN__DUPLICATE_METHOD_MATCH = YES;
				"CODE_SIGN_IDENTITY[sdk=iphoneos*]" = "iPhone Developer";
				COPY_PHASE_STRIP = NO;
				DEBUG_INFORMATION_FORMAT = "dwarf-with-dsym";
				ENABLE_NS_ASSERTIONS = NO;
				ENABLE_STRICT_OBJC_MSGSEND = YES;
				GCC_C_LANGUAGE_STANDARD = gnu99;
				GCC_NO_COMMON_BLOCKS = YES;
				GCC_WARN_64_TO_32_BIT_CONVERSION = YES;
				GCC_WARN_ABOUT_RETURN_TYPE = YES_ERROR;
				GCC_WARN_UNDECLARED_SELECTOR = YES;
				GCC_WARN_UNINITIALIZED_AUTOS = YES_AGGRESSIVE;
				GCC_WARN_UNUSED_FUNCTION = YES;
				GCC_WARN_UNUSED_VARIABLE = YES;
				IPHONEOS_DEPLOYMENT_TARGET = 10.1;
				MTL_ENABLE_DEBUG_INFO = NO;
				SDKROOT = iphoneos;
				VALIDATE_PRODUCT = YES;
			};
			name = Release;
		};
		6D528ACF1E00D10B00974450 /* Debug */ = {
			isa = XCBuildConfiguration;
			baseConfigurationReference = 84150753B3A0EE53EA187125 /* Pods-SideAnimationMenu.debug.xcconfig */;
			buildSettings = {
				ASSETCATALOG_COMPILER_APPICON_NAME = AppIcon;
				DEVELOPMENT_TEAM = 266V4D93VQ;
				INFOPLIST_FILE = SideAnimationMenu/Info.plist;
				IPHONEOS_DEPLOYMENT_TARGET = 8.0;
				LD_RUNPATH_SEARCH_PATHS = "$(inherited) @executable_path/Frameworks";
				PRODUCT_BUNDLE_IDENTIFIER = com.smict.SideAnimationMenu;
				PRODUCT_NAME = "$(TARGET_NAME)";
			};
			name = Debug;
		};
		6D528AD01E00D10B00974450 /* Release */ = {
			isa = XCBuildConfiguration;
			baseConfigurationReference = EB50241F6120344C511A58B6 /* Pods-SideAnimationMenu.release.xcconfig */;
			buildSettings = {
				ASSETCATALOG_COMPILER_APPICON_NAME = AppIcon;
				DEVELOPMENT_TEAM = 266V4D93VQ;
				INFOPLIST_FILE = SideAnimationMenu/Info.plist;
				IPHONEOS_DEPLOYMENT_TARGET = 8.0;
				LD_RUNPATH_SEARCH_PATHS = "$(inherited) @executable_path/Frameworks";
				PRODUCT_BUNDLE_IDENTIFIER = com.smict.SideAnimationMenu;
				PRODUCT_NAME = "$(TARGET_NAME)";
			};
			name = Release;
		};
		6D528AD21E00D10B00974450 /* Debug */ = {
			isa = XCBuildConfiguration;
			baseConfigurationReference = DA690E73108F6516905ADE88 /* Pods-SideAnimationMenuTests.debug.xcconfig */;
			buildSettings = {
				BUNDLE_LOADER = "$(TEST_HOST)";
				INFOPLIST_FILE = SideAnimationMenuTests/Info.plist;
				LD_RUNPATH_SEARCH_PATHS = "$(inherited) @executable_path/Frameworks @loader_path/Frameworks";
				PRODUCT_BUNDLE_IDENTIFIER = com.smict.SideAnimationMenuTests;
				PRODUCT_NAME = "$(TARGET_NAME)";
				TEST_HOST = "$(BUILT_PRODUCTS_DIR)/SideAnimationMenu.app/SideAnimationMenu";
			};
			name = Debug;
		};
		6D528AD31E00D10B00974450 /* Release */ = {
			isa = XCBuildConfiguration;
			baseConfigurationReference = 48D864766ECEC521A4678143 /* Pods-SideAnimationMenuTests.release.xcconfig */;
			buildSettings = {
				BUNDLE_LOADER = "$(TEST_HOST)";
				INFOPLIST_FILE = SideAnimationMenuTests/Info.plist;
				LD_RUNPATH_SEARCH_PATHS = "$(inherited) @executable_path/Frameworks @loader_path/Frameworks";
				PRODUCT_BUNDLE_IDENTIFIER = com.smict.SideAnimationMenuTests;
				PRODUCT_NAME = "$(TARGET_NAME)";
				TEST_HOST = "$(BUILT_PRODUCTS_DIR)/SideAnimationMenu.app/SideAnimationMenu";
			};
			name = Release;
		};
/* End XCBuildConfiguration section */

/* Begin XCConfigurationList section */
		6D528AA71E00D10B00974450 /* Build configuration list for PBXProject "SideAnimationMenu" */ = {
			isa = XCConfigurationList;
			buildConfigurations = (
				6D528ACC1E00D10B00974450 /* Debug */,
				6D528ACD1E00D10B00974450 /* Release */,
			);
			defaultConfigurationIsVisible = 0;
			defaultConfigurationName = Release;
		};
		6D528ACE1E00D10B00974450 /* Build configuration list for PBXNativeTarget "SideAnimationMenu" */ = {
			isa = XCConfigurationList;
			buildConfigurations = (
				6D528ACF1E00D10B00974450 /* Debug */,
				6D528AD01E00D10B00974450 /* Release */,
			);
			defaultConfigurationIsVisible = 0;
			defaultConfigurationName = Release;
		};
		6D528AD11E00D10B00974450 /* Build configuration list for PBXNativeTarget "SideAnimationMenuTests" */ = {
			isa = XCConfigurationList;
			buildConfigurations = (
				6D528AD21E00D10B00974450 /* Debug */,
				6D528AD31E00D10B00974450 /* Release */,
			);
			defaultConfigurationIsVisible = 0;
			defaultConfigurationName = Release;
		};
/* End XCConfigurationList section */
	};
	rootObject = 6D528AA41E00D10B00974450 /* Project object */;
}
